// !$*UTF8*$!
{
	archiveVersion = 1;
	classes = {
	};
	objectVersion = 56;
	objects = {

/* Begin PBXBuildFile section */
		A509498128FD7FCA000F1006 /* AppDelegate.swift in Sources */ = {isa = PBXBuildFile; fileRef = A509498028FD7FCA000F1006 /* AppDelegate.swift */; };
		A509498328FD7FCA000F1006 /* SceneDelegate.swift in Sources */ = {isa = PBXBuildFile; fileRef = A509498228FD7FCA000F1006 /* SceneDelegate.swift */; };
		A509498528FD7FCA000F1006 /* ViewController.swift in Sources */ = {isa = PBXBuildFile; fileRef = A509498428FD7FCA000F1006 /* ViewController.swift */; };
		A509498828FD7FCA000F1006 /* Main.storyboard in Resources */ = {isa = PBXBuildFile; fileRef = A509498628FD7FCA000F1006 /* Main.storyboard */; };
		A509498A28FD7FCC000F1006 /* Assets.xcassets in Resources */ = {isa = PBXBuildFile; fileRef = A509498928FD7FCC000F1006 /* Assets.xcassets */; };
		A509498D28FD7FCC000F1006 /* LaunchScreen.storyboard in Resources */ = {isa = PBXBuildFile; fileRef = A509498B28FD7FCC000F1006 /* LaunchScreen.storyboard */; };
		A509499828FD7FCC000F1006 /* InstagramAppTests.swift in Sources */ = {isa = PBXBuildFile; fileRef = A509499728FD7FCC000F1006 /* InstagramAppTests.swift */; };
		A50949A228FD7FCC000F1006 /* InstagramAppUITests.swift in Sources */ = {isa = PBXBuildFile; fileRef = A50949A128FD7FCC000F1006 /* InstagramAppUITests.swift */; };
		A50949A428FD7FCC000F1006 /* InstagramAppUITestsLaunchTests.swift in Sources */ = {isa = PBXBuildFile; fileRef = A50949A328FD7FCC000F1006 /* InstagramAppUITestsLaunchTests.swift */; };
/* End PBXBuildFile section */

/* Begin PBXContainerItemProxy section */
		A509499428FD7FCC000F1006 /* PBXContainerItemProxy */ = {
			isa = PBXContainerItemProxy;
			containerPortal = A509497528FD7FCA000F1006 /* Project object */;
			proxyType = 1;
			remoteGlobalIDString = A509497C28FD7FCA000F1006;
			remoteInfo = InstagramApp;
		};
		A509499E28FD7FCC000F1006 /* PBXContainerItemProxy */ = {
			isa = PBXContainerItemProxy;
			containerPortal = A509497528FD7FCA000F1006 /* Project object */;
			proxyType = 1;
			remoteGlobalIDString = A509497C28FD7FCA000F1006;
			remoteInfo = InstagramApp;
		};
/* End PBXContainerItemProxy section */

/* Begin PBXFileReference section */
		A509497D28FD7FCA000F1006 /* InstagramApp.app */ = {isa = PBXFileReference; explicitFileType = wrapper.application; includeInIndex = 0; path = InstagramApp.app; sourceTree = BUILT_PRODUCTS_DIR; };
		A509498028FD7FCA000F1006 /* AppDelegate.swift */ = {isa = PBXFileReference; lastKnownFileType = sourcecode.swift; path = AppDelegate.swift; sourceTree = "<group>"; };
		A509498228FD7FCA000F1006 /* SceneDelegate.swift */ = {isa = PBXFileReference; lastKnownFileType = sourcecode.swift; path = SceneDelegate.swift; sourceTree = "<group>"; };
		A509498428FD7FCA000F1006 /* ViewController.swift */ = {isa = PBXFileReference; lastKnownFileType = sourcecode.swift; path = ViewController.swift; sourceTree = "<group>"; };
		A509498728FD7FCA000F1006 /* Base */ = {isa = PBXFileReference; lastKnownFileType = file.storyboard; name = Base; path = Base.lproj/Main.storyboard; sourceTree = "<group>"; };
		A509498928FD7FCC000F1006 /* Assets.xcassets */ = {isa = PBXFileReference; lastKnownFileType = folder.assetcatalog; path = Assets.xcassets; sourceTree = "<group>"; };
		A509498C28FD7FCC000F1006 /* Base */ = {isa = PBXFileReference; lastKnownFileType = file.storyboard; name = Base; path = Base.lproj/LaunchScreen.storyboard; sourceTree = "<group>"; };
		A509498E28FD7FCC000F1006 /* Info.plist */ = {isa = PBXFileReference; lastKnownFileType = text.plist.xml; path = Info.plist; sourceTree = "<group>"; };
		A509499328FD7FCC000F1006 /* InstagramAppTests.xctest */ = {isa = PBXFileReference; explicitFileType = wrapper.cfbundle; includeInIndex = 0; path = InstagramAppTests.xctest; sourceTree = BUILT_PRODUCTS_DIR; };
		A509499728FD7FCC000F1006 /* InstagramAppTests.swift */ = {isa = PBXFileReference; lastKnownFileType = sourcecode.swift; path = InstagramAppTests.swift; sourceTree = "<group>"; };
		A509499D28FD7FCC000F1006 /* InstagramAppUITests.xctest */ = {isa = PBXFileReference; explicitFileType = wrapper.cfbundle; includeInIndex = 0; path = InstagramAppUITests.xctest; sourceTree = BUILT_PRODUCTS_DIR; };
		A50949A128FD7FCC000F1006 /* InstagramAppUITests.swift */ = {isa = PBXFileReference; lastKnownFileType = sourcecode.swift; path = InstagramAppUITests.swift; sourceTree = "<group>"; };
		A50949A328FD7FCC000F1006 /* InstagramAppUITestsLaunchTests.swift */ = {isa = PBXFileReference; lastKnownFileType = sourcecode.swift; path = InstagramAppUITestsLaunchTests.swift; sourceTree = "<group>"; };
/* End PBXFileReference section */

/* Begin PBXFrameworksBuildPhase section */
		A509497A28FD7FCA000F1006 /* Frameworks */ = {
			isa = PBXFrameworksBuildPhase;
			buildActionMask = 2147483647;
			files = (
			);
			runOnlyForDeploymentPostprocessing = 0;
		};
		A509499028FD7FCC000F1006 /* Frameworks */ = {
			isa = PBXFrameworksBuildPhase;
			buildActionMask = 2147483647;
			files = (
			);
			runOnlyForDeploymentPostprocessing = 0;
		};
		A509499A28FD7FCC000F1006 /* Frameworks */ = {
			isa = PBXFrameworksBuildPhase;
			buildActionMask = 2147483647;
			files = (
			);
			runOnlyForDeploymentPostprocessing = 0;
		};
/* End PBXFrameworksBuildPhase section */

/* Begin PBXGroup section */
		A509497428FD7FCA000F1006 = {
			isa = PBXGroup;
			children = (
				A509497F28FD7FCA000F1006 /* InstagramApp */,
				A509499628FD7FCC000F1006 /* InstagramAppTests */,
				A50949A028FD7FCC000F1006 /* InstagramAppUITests */,
				A509497E28FD7FCA000F1006 /* Products */,
			);
			sourceTree = "<group>";
		};
		A509497E28FD7FCA000F1006 /* Products */ = {
			isa = PBXGroup;
			children = (
				A509497D28FD7FCA000F1006 /* InstagramApp.app */,
				A509499328FD7FCC000F1006 /* InstagramAppTests.xctest */,
				A509499D28FD7FCC000F1006 /* InstagramAppUITests.xctest */,
			);
			name = Products;
			sourceTree = "<group>";
		};
		A509497F28FD7FCA000F1006 /* InstagramApp */ = {
			isa = PBXGroup;
			children = (
				A509498028FD7FCA000F1006 /* AppDelegate.swift */,
				A509498228FD7FCA000F1006 /* SceneDelegate.swift */,
				A509498428FD7FCA000F1006 /* ViewController.swift */,
				A509498628FD7FCA000F1006 /* Main.storyboard */,
				A509498928FD7FCC000F1006 /* Assets.xcassets */,
				A509498B28FD7FCC000F1006 /* LaunchScreen.storyboard */,
				A509498E28FD7FCC000F1006 /* Info.plist */,
			);
			path = InstagramApp;
			sourceTree = "<group>";
		};
		A509499628FD7FCC000F1006 /* InstagramAppTests */ = {
			isa = PBXGroup;
			children = (
				A509499728FD7FCC000F1006 /* InstagramAppTests.swift */,
			);
			path = InstagramAppTests;
			sourceTree = "<group>";
		};
		A50949A028FD7FCC000F1006 /* InstagramAppUITests */ = {
			isa = PBXGroup;
			children = (
				A50949A128FD7FCC000F1006 /* InstagramAppUITests.swift */,
				A50949A328FD7FCC000F1006 /* InstagramAppUITestsLaunchTests.swift */,
			);
			path = InstagramAppUITests;
			sourceTree = "<group>";
		};
/* End PBXGroup section */

/* Begin PBXNativeTarget section */
		A509497C28FD7FCA000F1006 /* InstagramApp */ = {
			isa = PBXNativeTarget;
			buildConfigurationList = A50949A728FD7FCC000F1006 /* Build configuration list for PBXNativeTarget "InstagramApp" */;
			buildPhases = (
				A509497928FD7FCA000F1006 /* Sources */,
				A509497A28FD7FCA000F1006 /* Frameworks */,
				A509497B28FD7FCA000F1006 /* Resources */,
			);
			buildRules = (
			);
			dependencies = (
			);
			name = InstagramApp;
			productName = InstagramApp;
			productReference = A509497D28FD7FCA000F1006 /* InstagramApp.app */;
			productType = "com.apple.product-type.application";
		};
		A509499228FD7FCC000F1006 /* InstagramAppTests */ = {
			isa = PBXNativeTarget;
			buildConfigurationList = A50949AA28FD7FCC000F1006 /* Build configuration list for PBXNativeTarget "InstagramAppTests" */;
			buildPhases = (
				A509498F28FD7FCC000F1006 /* Sources */,
				A509499028FD7FCC000F1006 /* Frameworks */,
				A509499128FD7FCC000F1006 /* Resources */,
			);
			buildRules = (
			);
			dependencies = (
				A509499528FD7FCC000F1006 /* PBXTargetDependency */,
			);
			name = InstagramAppTests;
			productName = InstagramAppTests;
			productReference = A509499328FD7FCC000F1006 /* InstagramAppTests.xctest */;
			productType = "com.apple.product-type.bundle.unit-test";
		};
		A509499C28FD7FCC000F1006 /* InstagramAppUITests */ = {
			isa = PBXNativeTarget;
			buildConfigurationList = A50949AD28FD7FCC000F1006 /* Build configuration list for PBXNativeTarget "InstagramAppUITests" */;
			buildPhases = (
				A509499928FD7FCC000F1006 /* Sources */,
				A509499A28FD7FCC000F1006 /* Frameworks */,
				A509499B28FD7FCC000F1006 /* Resources */,
			);
			buildRules = (
			);
			dependencies = (
				A509499F28FD7FCC000F1006 /* PBXTargetDependency */,
			);
			name = InstagramAppUITests;
			productName = InstagramAppUITests;
			productReference = A509499D28FD7FCC000F1006 /* InstagramAppUITests.xctest */;
			productType = "com.apple.product-type.bundle.ui-testing";
		};
/* End PBXNativeTarget section */

/* Begin PBXProject section */
		A509497528FD7FCA000F1006 /* Project object */ = {
			isa = PBXProject;
			attributes = {
				BuildIndependentTargetsInParallel = 1;
				LastSwiftUpdateCheck = 1400;
				LastUpgradeCheck = 1400;
				TargetAttributes = {
					A509497C28FD7FCA000F1006 = {
						CreatedOnToolsVersion = 14.0.1;
					};
					A509499228FD7FCC000F1006 = {
						CreatedOnToolsVersion = 14.0.1;
						TestTargetID = A509497C28FD7FCA000F1006;
					};
					A509499C28FD7FCC000F1006 = {
						CreatedOnToolsVersion = 14.0.1;
						TestTargetID = A509497C28FD7FCA000F1006;
					};
				};
			};
			buildConfigurationList = A509497828FD7FCA000F1006 /* Build configuration list for PBXProject "InstagramApp" */;
			compatibilityVersion = "Xcode 14.0";
			developmentRegion = en;
			hasScannedForEncodings = 0;
			knownRegions = (
				en,
				Base,
			);
			mainGroup = A509497428FD7FCA000F1006;
			productRefGroup = A509497E28FD7FCA000F1006 /* Products */;
			projectDirPath = "";
			projectRoot = "";
			targets = (
				A509497C28FD7FCA000F1006 /* InstagramApp */,
				A509499228FD7FCC000F1006 /* InstagramAppTests */,
				A509499C28FD7FCC000F1006 /* InstagramAppUITests */,
			);
		};
/* End PBXProject section */

/* Begin PBXResourcesBuildPhase section */
		A509497B28FD7FCA000F1006 /* Resources */ = {
			isa = PBXResourcesBuildPhase;
			buildActionMask = 2147483647;
			files = (
				A509498D28FD7FCC000F1006 /* LaunchScreen.storyboard in Resources */,
				A509498A28FD7FCC000F1006 /* Assets.xcassets in Resources */,
				A509498828FD7FCA000F1006 /* Main.storyboard in Resources */,
			);
			runOnlyForDeploymentPostprocessing = 0;
		};
		A509499128FD7FCC000F1006 /* Resources */ = {
			isa = PBXResourcesBuildPhase;
			buildActionMask = 2147483647;
			files = (
			);
			runOnlyForDeploymentPostprocessing = 0;
		};
		A509499B28FD7FCC000F1006 /* Resources */ = {
			isa = PBXResourcesBuildPhase;
			buildActionMask = 2147483647;
			files = (
			);
			runOnlyForDeploymentPostprocessing = 0;
		};
/* End PBXResourcesBuildPhase section */

/* Begin PBXSourcesBuildPhase section */
		A509497928FD7FCA000F1006 /* Sources */ = {
			isa = PBXSourcesBuildPhase;
			buildActionMask = 2147483647;
			files = (
				A509498528FD7FCA000F1006 /* ViewController.swift in Sources */,
				A509498128FD7FCA000F1006 /* AppDelegate.swift in Sources */,
				A509498328FD7FCA000F1006 /* SceneDelegate.swift in Sources */,
			);
			runOnlyForDeploymentPostprocessing = 0;
		};
		A509498F28FD7FCC000F1006 /* Sources */ = {
			isa = PBXSourcesBuildPhase;
			buildActionMask = 2147483647;
			files = (
				A509499828FD7FCC000F1006 /* InstagramAppTests.swift in Sources */,
			);
			runOnlyForDeploymentPostprocessing = 0;
		};
		A509499928FD7FCC000F1006 /* Sources */ = {
			isa = PBXSourcesBuildPhase;
			buildActionMask = 2147483647;
			files = (
				A50949A228FD7FCC000F1006 /* InstagramAppUITests.swift in Sources */,
				A50949A428FD7FCC000F1006 /* InstagramAppUITestsLaunchTests.swift in Sources */,
			);
			runOnlyForDeploymentPostprocessing = 0;
		};
/* End PBXSourcesBuildPhase section */

/* Begin PBXTargetDependency section */
		A509499528FD7FCC000F1006 /* PBXTargetDependency */ = {
			isa = PBXTargetDependency;
			target = A509497C28FD7FCA000F1006 /* InstagramApp */;
			targetProxy = A509499428FD7FCC000F1006 /* PBXContainerItemProxy */;
		};
		A509499F28FD7FCC000F1006 /* PBXTargetDependency */ = {
			isa = PBXTargetDependency;
			target = A509497C28FD7FCA000F1006 /* InstagramApp */;
			targetProxy = A509499E28FD7FCC000F1006 /* PBXContainerItemProxy */;
		};
/* End PBXTargetDependency section */

/* Begin PBXVariantGroup section */
		A509498628FD7FCA000F1006 /* Main.storyboard */ = {
			isa = PBXVariantGroup;
			children = (
				A509498728FD7FCA000F1006 /* Base */,
			);
			name = Main.storyboard;
			sourceTree = "<group>";
		};
		A509498B28FD7FCC000F1006 /* LaunchScreen.storyboard */ = {
			isa = PBXVariantGroup;
			children = (
				A509498C28FD7FCC000F1006 /* Base */,
			);
			name = LaunchScreen.storyboard;
			sourceTree = "<group>";
		};
/* End PBXVariantGroup section */

/* Begin XCBuildConfiguration section */
		A50949A528FD7FCC000F1006 /* Debug */ = {
			isa = XCBuildConfiguration;
			buildSettings = {
				ALWAYS_SEARCH_USER_PATHS = NO;
				CLANG_ANALYZER_NONNULL = YES;
				CLANG_ANALYZER_NUMBER_OBJECT_CONVERSION = YES_AGGRESSIVE;
				CLANG_CXX_LANGUAGE_STANDARD = "gnu++20";
				CLANG_ENABLE_MODULES = YES;
				CLANG_ENABLE_OBJC_ARC = YES;
				CLANG_ENABLE_OBJC_WEAK = YES;
				CLANG_WARN_BLOCK_CAPTURE_AUTORELEASING = YES;
				CLANG_WARN_BOOL_CONVERSION = YES;
				CLANG_WARN_COMMA = YES;
				CLANG_WARN_CONSTANT_CONVERSION = YES;
				CLANG_WARN_DEPRECATED_OBJC_IMPLEMENTATIONS = YES;
				CLANG_WARN_DIRECT_OBJC_ISA_USAGE = YES_ERROR;
				CLANG_WARN_DOCUMENTATION_COMMENTS = YES;
				CLANG_WARN_EMPTY_BODY = YES;
				CLANG_WARN_ENUM_CONVERSION = YES;
				CLANG_WARN_INFINITE_RECURSION = YES;
				CLANG_WARN_INT_CONVERSION = YES;
				CLANG_WARN_NON_LITERAL_NULL_CONVERSION = YES;
				CLANG_WARN_OBJC_IMPLICIT_RETAIN_SELF = YES;
				CLANG_WARN_OBJC_LITERAL_CONVERSION = YES;
				CLANG_WARN_OBJC_ROOT_CLASS = YES_ERROR;
				CLANG_WARN_QUOTED_INCLUDE_IN_FRAMEWORK_HEADER = YES;
				CLANG_WARN_RANGE_LOOP_ANALYSIS = YES;
				CLANG_WARN_STRICT_PROTOTYPES = YES;
				CLANG_WARN_SUSPICIOUS_MOVE = YES;
				CLANG_WARN_UNGUARDED_AVAILABILITY = YES_AGGRESSIVE;
				CLANG_WARN_UNREACHABLE_CODE = YES;
				CLANG_WARN__DUPLICATE_METHOD_MATCH = YES;
				COPY_PHASE_STRIP = NO;
				DEBUG_INFORMATION_FORMAT = dwarf;
				ENABLE_STRICT_OBJC_MSGSEND = YES;
				ENABLE_TESTABILITY = YES;
				GCC_C_LANGUAGE_STANDARD = gnu11;
				GCC_DYNAMIC_NO_PIC = NO;
				GCC_NO_COMMON_BLOCKS = YES;
				GCC_OPTIMIZATION_LEVEL = 0;
				GCC_PREPROCESSOR_DEFINITIONS = (
					"DEBUG=1",
					"$(inherited)",
				);
				GCC_WARN_64_TO_32_BIT_CONVERSION = YES;
				GCC_WARN_ABOUT_RETURN_TYPE = YES_ERROR;
				GCC_WARN_UNDECLARED_SELECTOR = YES;
				GCC_WARN_UNINITIALIZED_AUTOS = YES_AGGRESSIVE;
				GCC_WARN_UNUSED_FUNCTION = YES;
				GCC_WARN_UNUSED_VARIABLE = YES;
				IPHONEOS_DEPLOYMENT_TARGET = 16.0;
				MTL_ENABLE_DEBUG_INFO = INCLUDE_SOURCE;
				MTL_FAST_MATH = YES;
				ONLY_ACTIVE_ARCH = YES;
				SDKROOT = iphoneos;
				SWIFT_ACTIVE_COMPILATION_CONDITIONS = DEBUG;
				SWIFT_OPTIMIZATION_LEVEL = "-Onone";
			};
			name = Debug;
		};
		A50949A628FD7FCC000F1006 /* Release */ = {
			isa = XCBuildConfiguration;
			buildSettings = {
				ALWAYS_SEARCH_USER_PATHS = NO;
				CLANG_ANALYZER_NONNULL = YES;
				CLANG_ANALYZER_NUMBER_OBJECT_CONVERSION = YES_AGGRESSIVE;
				CLANG_CXX_LANGUAGE_STANDARD = "gnu++20";
				CLANG_ENABLE_MODULES = YES;
				CLANG_ENABLE_OBJC_ARC = YES;
				CLANG_ENABLE_OBJC_WEAK = YES;
				CLANG_WARN_BLOCK_CAPTURE_AUTORELEASING = YES;
				CLANG_WARN_BOOL_CONVERSION = YES;
				CLANG_WARN_COMMA = YES;
				CLANG_WARN_CONSTANT_CONVERSION = YES;
				CLANG_WARN_DEPRECATED_OBJC_IMPLEMENTATIONS = YES;
				CLANG_WARN_DIRECT_OBJC_ISA_USAGE = YES_ERROR;
				CLANG_WARN_DOCUMENTATION_COMMENTS = YES;
				CLANG_WARN_EMPTY_BODY = YES;
				CLANG_WARN_ENUM_CONVERSION = YES;
				CLANG_WARN_INFINITE_RECURSION = YES;
				CLANG_WARN_INT_CONVERSION = YES;
				CLANG_WARN_NON_LITERAL_NULL_CONVERSION = YES;
				CLANG_WARN_OBJC_IMPLICIT_RETAIN_SELF = YES;
				CLANG_WARN_OBJC_LITERAL_CONVERSION = YES;
				CLANG_WARN_OBJC_ROOT_CLASS = YES_ERROR;
				CLANG_WARN_QUOTED_INCLUDE_IN_FRAMEWORK_HEADER = YES;
				CLANG_WARN_RANGE_LOOP_ANALYSIS = YES;
				CLANG_WARN_STRICT_PROTOTYPES = YES;
				CLANG_WARN_SUSPICIOUS_MOVE = YES;
				CLANG_WARN_UNGUARDED_AVAILABILITY = YES_AGGRESSIVE;
				CLANG_WARN_UNREACHABLE_CODE = YES;
				CLANG_WARN__DUPLICATE_METHOD_MATCH = YES;
				COPY_PHASE_STRIP = NO;
				DEBUG_INFORMATION_FORMAT = "dwarf-with-dsym";
				ENABLE_NS_ASSERTIONS = NO;
				ENABLE_STRICT_OBJC_MSGSEND = YES;
				GCC_C_LANGUAGE_STANDARD = gnu11;
				GCC_NO_COMMON_BLOCKS = YES;
				GCC_WARN_64_TO_32_BIT_CONVERSION = YES;
				GCC_WARN_ABOUT_RETURN_TYPE = YES_ERROR;
				GCC_WARN_UNDECLARED_SELECTOR = YES;
				GCC_WARN_UNINITIALIZED_AUTOS = YES_AGGRESSIVE;
				GCC_WARN_UNUSED_FUNCTION = YES;
				GCC_WARN_UNUSED_VARIABLE = YES;
				IPHONEOS_DEPLOYMENT_TARGET = 16.0;
				MTL_ENABLE_DEBUG_INFO = NO;
				MTL_FAST_MATH = YES;
				SDKROOT = iphoneos;
				SWIFT_COMPILATION_MODE = wholemodule;
				SWIFT_OPTIMIZATION_LEVEL = "-O";
				VALIDATE_PRODUCT = YES;
			};
			name = Release;
		};
		A50949A828FD7FCC000F1006 /* Debug */ = {
			isa = XCBuildConfiguration;
			buildSettings = {
				ASSETCATALOG_COMPILER_APPICON_NAME = AppIcon;
				ASSETCATALOG_COMPILER_GLOBAL_ACCENT_COLOR_NAME = AccentColor;
				CODE_SIGN_STYLE = Automatic;
				CURRENT_PROJECT_VERSION = 1;
				DEVELOPMENT_TEAM = T89X3T8CX6;
				GENERATE_INFOPLIST_FILE = YES;
				INFOPLIST_FILE = InstagramApp/Info.plist;
				INFOPLIST_KEY_UIApplicationSupportsIndirectInputEvents = YES;
				INFOPLIST_KEY_UILaunchStoryboardName = LaunchScreen;
				INFOPLIST_KEY_UIMainStoryboardFile = Main;
				INFOPLIST_KEY_UISupportedInterfaceOrientations_iPad = "UIInterfaceOrientationPortrait UIInterfaceOrientationPortraitUpsideDown UIInterfaceOrientationLandscapeLeft UIInterfaceOrientationLandscapeRight";
				INFOPLIST_KEY_UISupportedInterfaceOrientations_iPhone = "UIInterfaceOrientationPortrait UIInterfaceOrientationLandscapeLeft UIInterfaceOrientationLandscapeRight";
				LD_RUNPATH_SEARCH_PATHS = (
					"$(inherited)",
					"@executable_path/Frameworks",
				);
				MARKETING_VERSION = 1.0;
				PRODUCT_BUNDLE_IDENTIFIER = "-.InstagramApp";
				PRODUCT_NAME = "$(TARGET_NAME)";
				SWIFT_EMIT_LOC_STRINGS = YES;
				SWIFT_VERSION = 5.0;
				TARGETED_DEVICE_FAMILY = "1,2";
			};
			name = Debug;
		};
		A50949A928FD7FCC000F1006 /* Release */ = {
			isa = XCBuildConfiguration;
			buildSettings = {
				ASSETCATALOG_COMPILER_APPICON_NAME = AppIcon;
				ASSETCATALOG_COMPILER_GLOBAL_ACCENT_COLOR_NAME = AccentColor;
				CODE_SIGN_STYLE = Automatic;
				CURRENT_PROJECT_VERSION = 1;
				DEVELOPMENT_TEAM = T89X3T8CX6;
				GENERATE_INFOPLIST_FILE = YES;
				INFOPLIST_FILE = InstagramApp/Info.plist;
				INFOPLIST_KEY_UIApplicationSupportsIndirectInputEvents = YES;
				INFOPLIST_KEY_UILaunchStoryboardName = LaunchScreen;
				INFOPLIST_KEY_UIMainStoryboardFile = Main;
				INFOPLIST_KEY_UISupportedInterfaceOrientations_iPad = "UIInterfaceOrientationPortrait UIInterfaceOrientationPortraitUpsideDown UIInterfaceOrientationLandscapeLeft UIInterfaceOrientationLandscapeRight";
				INFOPLIST_KEY_UISupportedInterfaceOrientations_iPhone = "UIInterfaceOrientationPortrait UIInterfaceOrientationLandscapeLeft UIInterfaceOrientationLandscapeRight";
				LD_RUNPATH_SEARCH_PATHS = (
					"$(inherited)",
					"@executable_path/Frameworks",
				);
				MARKETING_VERSION = 1.0;
				PRODUCT_BUNDLE_IDENTIFIER = "-.InstagramApp";
				PRODUCT_NAME = "$(TARGET_NAME)";
				SWIFT_EMIT_LOC_STRINGS = YES;
				SWIFT_VERSION = 5.0;
				TARGETED_DEVICE_FAMILY = "1,2";
			};
			name = Release;
		};
		A50949AB28FD7FCC000F1006 /* Debug */ = {
			isa = XCBuildConfiguration;
			buildSettings = {
				ALWAYS_EMBED_SWIFT_STANDARD_LIBRARIES = YES;
				BUNDLE_LOADER = "$(TEST_HOST)";
				CODE_SIGN_STYLE = Automatic;
				CURRENT_PROJECT_VERSION = 1;
				DEVELOPMENT_TEAM = T89X3T8CX6;
				GENERATE_INFOPLIST_FILE = YES;
				IPHONEOS_DEPLOYMENT_TARGET = 16.0;
				MARKETING_VERSION = 1.0;
				PRODUCT_BUNDLE_IDENTIFIER = "-.InstagramAppTests";
				PRODUCT_NAME = "$(TARGET_NAME)";
				SWIFT_EMIT_LOC_STRINGS = NO;
				SWIFT_VERSION = 5.0;
				TARGETED_DEVICE_FAMILY = "1,2";
				TEST_HOST = "$(BUILT_PRODUCTS_DIR)/InstagramApp.app/$(BUNDLE_EXECUTABLE_FOLDER_PATH)/InstagramApp";
			};
			name = Debug;
		};
		A50949AC28FD7FCC000F1006 /* Release */ = {
			isa = XCBuildConfiguration;
			buildSettings = {
				ALWAYS_EMBED_SWIFT_STANDARD_LIBRARIES = YES;
				BUNDLE_LOADER = "$(TEST_HOST)";
				CODE_SIGN_STYLE = Automatic;
				CURRENT_PROJECT_VERSION = 1;
				DEVELOPMENT_TEAM = T89X3T8CX6;
				GENERATE_INFOPLIST_FILE = YES;
				IPHONEOS_DEPLOYMENT_TARGET = 16.0;
				MARKETING_VERSION = 1.0;
				PRODUCT_BUNDLE_IDENTIFIER = "-.InstagramAppTests";
				PRODUCT_NAME = "$(TARGET_NAME)";
				SWIFT_EMIT_LOC_STRINGS = NO;
				SWIFT_VERSION = 5.0;
				TARGETED_DEVICE_FAMILY = "1,2";
				TEST_HOST = "$(BUILT_PRODUCTS_DIR)/InstagramApp.app/$(BUNDLE_EXECUTABLE_FOLDER_PATH)/InstagramApp";
			};
			name = Release;
		};
		A50949AE28FD7FCC000F1006 /* Debug */ = {
			isa = XCBuildConfiguration;
			buildSettings = {
				ALWAYS_EMBED_SWIFT_STANDARD_LIBRARIES = YES;
				CODE_SIGN_STYLE = Automatic;
				CURRENT_PROJECT_VERSION = 1;
				DEVELOPMENT_TEAM = T89X3T8CX6;
				GENERATE_INFOPLIST_FILE = YES;
				MARKETING_VERSION = 1.0;
				PRODUCT_BUNDLE_IDENTIFIER = "-.InstagramAppUITests";
				PRODUCT_NAME = "$(TARGET_NAME)";
				SWIFT_EMIT_LOC_STRINGS = NO;
				SWIFT_VERSION = 5.0;
				TARGETED_DEVICE_FAMILY = "1,2";
				TEST_TARGET_NAME = InstagramApp;
			};
			name = Debug;
		};
		A50949AF28FD7FCC000F1006 /* Release */ = {
			isa = XCBuildConfiguration;
			buildSettings = {
				ALWAYS_EMBED_SWIFT_STANDARD_LIBRARIES = YES;
				CODE_SIGN_STYLE = Automatic;
				CURRENT_PROJECT_VERSION = 1;
				DEVELOPMENT_TEAM = T89X3T8CX6;
				GENERATE_INFOPLIST_FILE = YES;
				MARKETING_VERSION = 1.0;
				PRODUCT_BUNDLE_IDENTIFIER = "-.InstagramAppUITests";
				PRODUCT_NAME = "$(TARGET_NAME)";
				SWIFT_EMIT_LOC_STRINGS = NO;
				SWIFT_VERSION = 5.0;
				TARGETED_DEVICE_FAMILY = "1,2";
				TEST_TARGET_NAME = InstagramApp;
			};
			name = Release;
		};
/* End XCBuildConfiguration section */

/* Begin XCConfigurationList section */
		A509497828FD7FCA000F1006 /* Build configuration list for PBXProject "InstagramApp" */ = {
			isa = XCConfigurationList;
			buildConfigurations = (
				A50949A528FD7FCC000F1006 /* Debug */,
				A50949A628FD7FCC000F1006 /* Release */,
			);
			defaultConfigurationIsVisible = 0;
			defaultConfigurationName = Release;
		};
		A50949A728FD7FCC000F1006 /* Build configuration list for PBXNativeTarget "InstagramApp" */ = {
			isa = XCConfigurationList;
			buildConfigurations = (
				A50949A828FD7FCC000F1006 /* Debug */,
				A50949A928FD7FCC000F1006 /* Release */,
			);
			defaultConfigurationIsVisible = 0;
			defaultConfigurationName = Release;
		};
		A50949AA28FD7FCC000F1006 /* Build configuration list for PBXNativeTarget "InstagramAppTests" */ = {
			isa = XCConfigurationList;
			buildConfigurations = (
				A50949AB28FD7FCC000F1006 /* Debug */,
				A50949AC28FD7FCC000F1006 /* Release */,
			);
			defaultConfigurationIsVisible = 0;
			defaultConfigurationName = Release;
		};
		A50949AD28FD7FCC000F1006 /* Build configuration list for PBXNativeTarget "InstagramAppUITests" */ = {
			isa = XCConfigurationList;
			buildConfigurations = (
				A50949AE28FD7FCC000F1006 /* Debug */,
				A50949AF28FD7FCC000F1006 /* Release */,
			);
			defaultConfigurationIsVisible = 0;
			defaultConfigurationName = Release;
		};
/* End XCConfigurationList section */
	};
	rootObject = A509497528FD7FCA000F1006 /* Project object */;
}
